
Microsoft Visual Studio Solution File, Format Version 12.00
# Visual Studio Version 16
VisualStudioVersion = 16.0.30225.117
MinimumVisualStudioVersion = 10.0.40219.1
Project("{9A19103F-16F7-4668-BE54-9A1E7A4F7556}") = "Brotherhood.Domain", "Brotherhood.Domain\Brotherhood.Domain.csproj", "{01D8D1FD-9BA0-4E11-880A-580772C312CD}"
EndProject
Project("{9A19103F-16F7-4668-BE54-9A1E7A4F7556}") = "Brotherhood.API", "Brotherhood.API\Brotherhood.API.csproj", "{6CB6A578-51E7-4CC3-B5A8-5AA209D44892}"
EndProject
Project("{9A19103F-16F7-4668-BE54-9A1E7A4F7556}") = "Brotherhood.Services", "Brotherhood.Services\Brotherhood.Services.csproj", "{87D2C1A6-EB2B-4F58-B7C8-997DE0BEFEEC}"
EndProject
Project("{9A19103F-16F7-4668-BE54-9A1E7A4F7556}") = "Brotherhood.Repository", "Brotherhood.Repository\Brotherhood.Repository.csproj", "{EC694F0C-D17D-4A46-B1A8-B939C4EDD64E}"
EndProject
Project("{FAE04EC0-301F-11D3-BF4B-00C04F79EFBC}") = "Brotherhood.UI", "Brotherhood.UI\Brotherhood.UI.csproj", "{F1BB7BE1-786E-4564-864D-443B549F5AA9}"
EndProject
Global
	GlobalSection(SolutionConfigurationPlatforms) = preSolution
		Debug|Any CPU = Debug|Any CPU
		Release|Any CPU = Release|Any CPU
	EndGlobalSection
	GlobalSection(ProjectConfigurationPlatforms) = postSolution
		{01D8D1FD-9BA0-4E11-880A-580772C312CD}.Debug|Any CPU.ActiveCfg = Debug|Any CPU
		{01D8D1FD-9BA0-4E11-880A-580772C312CD}.Debug|Any CPU.Build.0 = Debug|Any CPU
		{01D8D1FD-9BA0-4E11-880A-580772C312CD}.Release|Any CPU.ActiveCfg = Release|Any CPU
		{01D8D1FD-9BA0-4E11-880A-580772C312CD}.Release|Any CPU.Build.0 = Release|Any CPU
		{6CB6A578-51E7-4CC3-B5A8-5AA209D44892}.Debug|Any CPU.ActiveCfg = Debug|Any CPU
		{6CB6A578-51E7-4CC3-B5A8-5AA209D44892}.Debug|Any CPU.Build.0 = Debug|Any CPU
		{6CB6A578-51E7-4CC3-B5A8-5AA209D44892}.Release|Any CPU.ActiveCfg = Release|Any CPU
		{6CB6A578-51E7-4CC3-B5A8-5AA209D44892}.Release|Any CPU.Build.0 = Release|Any CPU
		{87D2C1A6-EB2B-4F58-B7C8-997DE0BEFEEC}.Debug|Any CPU.ActiveCfg = Debug|Any CPU
		{87D2C1A6-EB2B-4F58-B7C8-997DE0BEFEEC}.Debug|Any CPU.Build.0 = Debug|Any CPU
		{87D2C1A6-EB2B-4F58-B7C8-997DE0BEFEEC}.Release|Any CPU.ActiveCfg = Release|Any CPU
		{87D2C1A6-EB2B-4F58-B7C8-997DE0BEFEEC}.Release|Any CPU.Build.0 = Release|Any CPU
		{EC694F0C-D17D-4A46-B1A8-B939C4EDD64E}.Debug|Any CPU.ActiveCfg = Debug|Any CPU
		{EC694F0C-D17D-4A46-B1A8-B939C4EDD64E}.Debug|Any CPU.Build.0 = Debug|Any CPU
		{EC694F0C-D17D-4A46-B1A8-B939C4EDD64E}.Release|Any CPU.ActiveCfg = Release|Any CPU
		{EC694F0C-D17D-4A46-B1A8-B939C4EDD64E}.Release|Any CPU.Build.0 = Release|Any CPU
		{F1BB7BE1-786E-4564-864D-443B549F5AA9}.Debug|Any CPU.ActiveCfg = Debug|Any CPU
		{F1BB7BE1-786E-4564-864D-443B549F5AA9}.Debug|Any CPU.Build.0 = Debug|Any CPU
		{F1BB7BE1-786E-4564-864D-443B549F5AA9}.Release|Any CPU.ActiveCfg = Release|Any CPU
		{F1BB7BE1-786E-4564-864D-443B549F5AA9}.Release|Any CPU.Build.0 = Release|Any CPU
	EndGlobalSection
	GlobalSection(SolutionProperties) = preSolution
		HideSolutionNode = FALSE
	EndGlobalSection
	GlobalSection(ExtensibilityGlobals) = postSolution
		SolutionGuid = {40536E8C-B9DB-460A-8569-E56784672238}
	EndGlobalSection
EndGlobal
